
Microsoft Visual Studio Solution File, Format Version 12.00
# Visual Studio Version 17
VisualStudioVersion = 17.0.31611.283
MinimumVisualStudioVersion = 10.0.40219.1
Project("{9A19103F-16F7-4668-BE54-9A1E7A4F7556}") = "MauiApp1", "MauiApp1\MauiApp1.csproj", "{073148BD-4569-4DA9-8EE2-45710E1313E7}"
EndProject
Project("{9A19103F-16F7-4668-BE54-9A1E7A4F7556}") = "MauiApi", "MauiApi\MauiApi.csproj", "{64B894B7-2755-45A9-8E60-16BB0AFDC1F5}"
EndProject
Project("{FAE04EC0-301F-11D3-BF4B-00C04F79EFBC}") = "Infrastructure", "DbAccess\Infrastructure.csproj", "{C573B37F-338E-456D-BAB5-7C8D4CDBC7E3}"
EndProject
Project("{FAE04EC0-301F-11D3-BF4B-00C04F79EFBC}") = "Core", "Core\Core.csproj", "{97B4A1B7-5284-4EF7-AB29-7A1E9617DBCF}"
EndProject
Project("{FAE04EC0-301F-11D3-BF4B-00C04F79EFBC}") = "SharedComponents", "SharedComponents\SharedComponents.csproj", "{7845F663-2D62-4E85-B9B5-A611747C0E16}"
EndProject
Global
	GlobalSection(SolutionConfigurationPlatforms) = preSolution
		Debug|Any CPU = Debug|Any CPU
		Release|Any CPU = Release|Any CPU
	EndGlobalSection
	GlobalSection(ProjectConfigurationPlatforms) = postSolution
		{073148BD-4569-4DA9-8EE2-45710E1313E7}.Debug|Any CPU.ActiveCfg = Debug|Any CPU
		{073148BD-4569-4DA9-8EE2-45710E1313E7}.Debug|Any CPU.Build.0 = Debug|Any CPU
		{073148BD-4569-4DA9-8EE2-45710E1313E7}.Debug|Any CPU.Deploy.0 = Debug|Any CPU
		{073148BD-4569-4DA9-8EE2-45710E1313E7}.Release|Any CPU.ActiveCfg = Release|Any CPU
		{073148BD-4569-4DA9-8EE2-45710E1313E7}.Release|Any CPU.Build.0 = Release|Any CPU
		{073148BD-4569-4DA9-8EE2-45710E1313E7}.Release|Any CPU.Deploy.0 = Release|Any CPU
		{64B894B7-2755-45A9-8E60-16BB0AFDC1F5}.Debug|Any CPU.ActiveCfg = Debug|Any CPU
		{64B894B7-2755-45A9-8E60-16BB0AFDC1F5}.Debug|Any CPU.Build.0 = Debug|Any CPU
		{64B894B7-2755-45A9-8E60-16BB0AFDC1F5}.Release|Any CPU.ActiveCfg = Release|Any CPU
		{64B894B7-2755-45A9-8E60-16BB0AFDC1F5}.Release|Any CPU.Build.0 = Release|Any CPU
		{C573B37F-338E-456D-BAB5-7C8D4CDBC7E3}.Debug|Any CPU.ActiveCfg = Debug|Any CPU
		{C573B37F-338E-456D-BAB5-7C8D4CDBC7E3}.Debug|Any CPU.Build.0 = Debug|Any CPU
		{C573B37F-338E-456D-BAB5-7C8D4CDBC7E3}.Release|Any CPU.ActiveCfg = Release|Any CPU
		{C573B37F-338E-456D-BAB5-7C8D4CDBC7E3}.Release|Any CPU.Build.0 = Release|Any CPU
		{97B4A1B7-5284-4EF7-AB29-7A1E9617DBCF}.Debug|Any CPU.ActiveCfg = Debug|Any CPU
		{97B4A1B7-5284-4EF7-AB29-7A1E9617DBCF}.Debug|Any CPU.Build.0 = Debug|Any CPU
		{97B4A1B7-5284-4EF7-AB29-7A1E9617DBCF}.Release|Any CPU.ActiveCfg = Release|Any CPU
		{97B4A1B7-5284-4EF7-AB29-7A1E9617DBCF}.Release|Any CPU.Build.0 = Release|Any CPU
		{7845F663-2D62-4E85-B9B5-A611747C0E16}.Debug|Any CPU.ActiveCfg = Debug|Any CPU
		{7845F663-2D62-4E85-B9B5-A611747C0E16}.Debug|Any CPU.Build.0 = Debug|Any CPU
		{7845F663-2D62-4E85-B9B5-A611747C0E16}.Release|Any CPU.ActiveCfg = Release|Any CPU
		{7845F663-2D62-4E85-B9B5-A611747C0E16}.Release|Any CPU.Build.0 = Release|Any CPU
	EndGlobalSection
	GlobalSection(SolutionProperties) = preSolution
		HideSolutionNode = FALSE
	EndGlobalSection
	GlobalSection(ExtensibilityGlobals) = postSolution
		SolutionGuid = {61F7FB11-1E47-470C-91E2-47F8143E1572}
	EndGlobalSection
EndGlobal
